
Microsoft Visual Studio Solution File, Format Version 12.00
# Visual Studio Version 16
VisualStudioVersion = 16.0.31729.503
MinimumVisualStudioVersion = 10.0.40219.1
Project("{FAE04EC0-301F-11D3-BF4B-00C04F79EFBC}") = "csdlnc_doan1", "csdlnc_doan1.csproj", "{A6CFACC2-4533-4C3D-9B44-280059822B39}"
EndProject
Global
	GlobalSection(SolutionConfigurationPlatforms) = preSolution
		Debug|Any CPU = Debug|Any CPU
		Release|Any CPU = Release|Any CPU
	EndGlobalSection
	GlobalSection(ProjectConfigurationPlatforms) = postSolution
		{A6CFACC2-4533-4C3D-9B44-280059822B39}.Debug|Any CPU.ActiveCfg = Debug|Any CPU
		{A6CFACC2-4533-4C3D-9B44-280059822B39}.Debug|Any CPU.Build.0 = Debug|Any CPU
		{A6CFACC2-4533-4C3D-9B44-280059822B39}.Release|Any CPU.ActiveCfg = Release|Any CPU
		{A6CFACC2-4533-4C3D-9B44-280059822B39}.Release|Any CPU.Build.0 = Release|Any CPU
	EndGlobalSection
	GlobalSection(SolutionProperties) = preSolution
		HideSolutionNode = FALSE
	EndGlobalSection
	GlobalSection(ExtensibilityGlobals) = postSolution
		SolutionGuid = {0105EDFC-615C-4373-A3AE-62D74CED6D3A}
	EndGlobalSection
EndGlobal
